
Microsoft Visual Studio Solution File, Format Version 12.00
# Visual Studio Version 17
VisualStudioVersion = 17.0.31903.59
MinimumVisualStudioVersion = 10.0.40219.1
Project("{FAE04EC0-301F-11D3-BF4B-00C04F79EFBC}") = "PROG25.OOAD.1.Domain", "PROG25.OOAD.1.Domain\PROG25.OOAD.1.Domain.csproj", "{34F58B2D-9E86-44D6-9513-E1FC679A2946}"
EndProject
Project("{FAE04EC0-301F-11D3-BF4B-00C04F79EFBC}") = "PROG25.OOAD.2.Application", "PROG25.OOAD.2.Application\PROG25.OOAD.2.Application.csproj", "{394576FE-EB2E-41F4-843B-5F00F9A487BB}"
EndProject
Project("{FAE04EC0-301F-11D3-BF4B-00C04F79EFBC}") = "PROG25.OOAD.3.Infrastructure", "PROG25.OOAD.3.Infrastructure\PROG25.OOAD.3.Infrastructure.csproj", "{3E921B74-A74A-4FA8-8241-B1B9EEAC0BCC}"
EndProject
Global
	GlobalSection(SolutionConfigurationPlatforms) = preSolution
		Debug|Any CPU = Debug|Any CPU
		Debug|x64 = Debug|x64
		Debug|x86 = Debug|x86
		Release|Any CPU = Release|Any CPU
		Release|x64 = Release|x64
		Release|x86 = Release|x86
	EndGlobalSection
	GlobalSection(ProjectConfigurationPlatforms) = postSolution
		{34F58B2D-9E86-44D6-9513-E1FC679A2946}.Debug|Any CPU.ActiveCfg = Debug|Any CPU
		{34F58B2D-9E86-44D6-9513-E1FC679A2946}.Debug|Any CPU.Build.0 = Debug|Any CPU
		{34F58B2D-9E86-44D6-9513-E1FC679A2946}.Debug|x64.ActiveCfg = Debug|Any CPU
		{34F58B2D-9E86-44D6-9513-E1FC679A2946}.Debug|x64.Build.0 = Debug|Any CPU
		{34F58B2D-9E86-44D6-9513-E1FC679A2946}.Debug|x86.ActiveCfg = Debug|Any CPU
		{34F58B2D-9E86-44D6-9513-E1FC679A2946}.Debug|x86.Build.0 = Debug|Any CPU
		{34F58B2D-9E86-44D6-9513-E1FC679A2946}.Release|Any CPU.ActiveCfg = Release|Any CPU
		{34F58B2D-9E86-44D6-9513-E1FC679A2946}.Release|Any CPU.Build.0 = Release|Any CPU
		{34F58B2D-9E86-44D6-9513-E1FC679A2946}.Release|x64.ActiveCfg = Release|Any CPU
		{34F58B2D-9E86-44D6-9513-E1FC679A2946}.Release|x64.Build.0 = Release|Any CPU
		{34F58B2D-9E86-44D6-9513-E1FC679A2946}.Release|x86.ActiveCfg = Release|Any CPU
		{34F58B2D-9E86-44D6-9513-E1FC679A2946}.Release|x86.Build.0 = Release|Any CPU
		{394576FE-EB2E-41F4-843B-5F00F9A487BB}.Debug|Any CPU.ActiveCfg = Debug|Any CPU
		{394576FE-EB2E-41F4-843B-5F00F9A487BB}.Debug|Any CPU.Build.0 = Debug|Any CPU
		{394576FE-EB2E-41F4-843B-5F00F9A487BB}.Debug|x64.ActiveCfg = Debug|Any CPU
		{394576FE-EB2E-41F4-843B-5F00F9A487BB}.Debug|x64.Build.0 = Debug|Any CPU
		{394576FE-EB2E-41F4-843B-5F00F9A487BB}.Debug|x86.ActiveCfg = Debug|Any CPU
		{394576FE-EB2E-41F4-843B-5F00F9A487BB}.Debug|x86.Build.0 = Debug|Any CPU
		{394576FE-EB2E-41F4-843B-5F00F9A487BB}.Release|Any CPU.ActiveCfg = Release|Any CPU
		{394576FE-EB2E-41F4-843B-5F00F9A487BB}.Release|Any CPU.Build.0 = Release|Any CPU
		{394576FE-EB2E-41F4-843B-5F00F9A487BB}.Release|x64.ActiveCfg = Release|Any CPU
		{394576FE-EB2E-41F4-843B-5F00F9A487BB}.Release|x64.Build.0 = Release|Any CPU
		{394576FE-EB2E-41F4-843B-5F00F9A487BB}.Release|x86.ActiveCfg = Release|Any CPU
		{394576FE-EB2E-41F4-843B-5F00F9A487BB}.Release|x86.Build.0 = Release|Any CPU
		{3E921B74-A74A-4FA8-8241-B1B9EEAC0BCC}.Debug|Any CPU.ActiveCfg = Debug|Any CPU
		{3E921B74-A74A-4FA8-8241-B1B9EEAC0BCC}.Debug|Any CPU.Build.0 = Debug|Any CPU
		{3E921B74-A74A-4FA8-8241-B1B9EEAC0BCC}.Debug|x64.ActiveCfg = Debug|Any CPU
		{3E921B74-A74A-4FA8-8241-B1B9EEAC0BCC}.Debug|x64.Build.0 = Debug|Any CPU
		{3E921B74-A74A-4FA8-8241-B1B9EEAC0BCC}.Debug|x86.ActiveCfg = Debug|Any CPU
		{3E921B74-A74A-4FA8-8241-B1B9EEAC0BCC}.Debug|x86.Build.0 = Debug|Any CPU
		{3E921B74-A74A-4FA8-8241-B1B9EEAC0BCC}.Release|Any CPU.ActiveCfg = Release|Any CPU
		{3E921B74-A74A-4FA8-8241-B1B9EEAC0BCC}.Release|Any CPU.Build.0 = Release|Any CPU
		{3E921B74-A74A-4FA8-8241-B1B9EEAC0BCC}.Release|x64.ActiveCfg = Release|Any CPU
		{3E921B74-A74A-4FA8-8241-B1B9EEAC0BCC}.Release|x64.Build.0 = Release|Any CPU
		{3E921B74-A74A-4FA8-8241-B1B9EEAC0BCC}.Release|x86.ActiveCfg = Release|Any CPU
		{3E921B74-A74A-4FA8-8241-B1B9EEAC0BCC}.Release|x86.Build.0 = Release|Any CPU
	EndGlobalSection
	GlobalSection(SolutionProperties) = preSolution
		HideSolutionNode = FALSE
	EndGlobalSection
EndGlobal
